// !$*UTF8*$!
{
	archiveVersion = 1;
	classes = {
	};
	objectVersion = 46;
	objects = {

/* Begin PBXBuildFile section */
		3FA67B781DBF876F00CB283E /* AppDelegate.swift in Sources */ = {isa = PBXBuildFile; fileRef = 3FA67B771DBF876F00CB283E /* AppDelegate.swift */; };
		3FA67B7A1DBF876F00CB283E /* ViewController.swift in Sources */ = {isa = PBXBuildFile; fileRef = 3FA67B791DBF876F00CB283E /* ViewController.swift */; };
		3FA67B7D1DBF876F00CB283E /* Main.storyboard in Resources */ = {isa = PBXBuildFile; fileRef = 3FA67B7B1DBF876F00CB283E /* Main.storyboard */; };
		3FA67B7F1DBF876F00CB283E /* Assets.xcassets in Resources */ = {isa = PBXBuildFile; fileRef = 3FA67B7E1DBF876F00CB283E /* Assets.xcassets */; };
		3FA67B821DBF876F00CB283E /* LaunchScreen.storyboard in Resources */ = {isa = PBXBuildFile; fileRef = 3FA67B801DBF876F00CB283E /* LaunchScreen.storyboard */; };
		3FA67B8D1DBF877000CB283E /* FoodTrackerTests.swift in Sources */ = {isa = PBXBuildFile; fileRef = 3FA67B8C1DBF877000CB283E /* FoodTrackerTests.swift */; };
/* End PBXBuildFile section */

/* Begin PBXContainerItemProxy section */
		3FA67B891DBF877000CB283E /* PBXContainerItemProxy */ = {
			isa = PBXContainerItemProxy;
			containerPortal = 3FA67B6C1DBF876F00CB283E /* Project object */;
			proxyType = 1;
			remoteGlobalIDString = 3FA67B731DBF876F00CB283E;
			remoteInfo = FoodTracker;
		};
/* End PBXContainerItemProxy section */

/* Begin PBXFileReference section */
		3FA67B741DBF876F00CB283E /* FoodTracker.app */ = {isa = PBXFileReference; explicitFileType = wrapper.application; includeInIndex = 0; path = FoodTracker.app; sourceTree = BUILT_PRODUCTS_DIR; };
		3FA67B771DBF876F00CB283E /* AppDelegate.swift */ = {isa = PBXFileReference; lastKnownFileType = sourcecode.swift; path = AppDelegate.swift; sourceTree = "<group>"; };
		3FA67B791DBF876F00CB283E /* ViewController.swift */ = {isa = PBXFileReference; lastKnownFileType = sourcecode.swift; path = ViewController.swift; sourceTree = "<group>"; };
		3FA67B7C1DBF876F00CB283E /* Base */ = {isa = PBXFileReference; lastKnownFileType = file.storyboard; name = Base; path = Base.lproj/Main.storyboard; sourceTree = "<group>"; };
		3FA67B7E1DBF876F00CB283E /* Assets.xcassets */ = {isa = PBXFileReference; lastKnownFileType = folder.assetcatalog; path = Assets.xcassets; sourceTree = "<group>"; };
		3FA67B811DBF876F00CB283E /* Base */ = {isa = PBXFileReference; lastKnownFileType = file.storyboard; name = Base; path = Base.lproj/LaunchScreen.storyboard; sourceTree = "<group>"; };
		3FA67B831DBF876F00CB283E /* Info.plist */ = {isa = PBXFileReference; lastKnownFileType = text.plist.xml; path = Info.plist; sourceTree = "<group>"; };
		3FA67B881DBF877000CB283E /* FoodTrackerTests.xctest */ = {isa = PBXFileReference; explicitFileType = wrapper.cfbundle; includeInIndex = 0; path = FoodTrackerTests.xctest; sourceTree = BUILT_PRODUCTS_DIR; };
		3FA67B8C1DBF877000CB283E /* FoodTrackerTests.swift */ = {isa = PBXFileReference; lastKnownFileType = sourcecode.swift; path = FoodTrackerTests.swift; sourceTree = "<group>"; };
		3FA67B8E1DBF877000CB283E /* Info.plist */ = {isa = PBXFileReference; lastKnownFileType = text.plist.xml; path = Info.plist; sourceTree = "<group>"; };
/* End PBXFileReference section */

/* Begin PBXFrameworksBuildPhase section */
		3FA67B711DBF876F00CB283E /* Frameworks */ = {
			isa = PBXFrameworksBuildPhase;
			buildActionMask = 2147483647;
			files = (
			);
			runOnlyForDeploymentPostprocessing = 0;
		};
		3FA67B851DBF877000CB283E /* Frameworks */ = {
			isa = PBXFrameworksBuildPhase;
			buildActionMask = 2147483647;
			files = (
			);
			runOnlyForDeploymentPostprocessing = 0;
		};
/* End PBXFrameworksBuildPhase section */

/* Begin PBXGroup section */
		3FA67B6B1DBF876F00CB283E = {
			isa = PBXGroup;
			children = (
				3FA67B761DBF876F00CB283E /* FoodTracker */,
				3FA67B8B1DBF877000CB283E /* FoodTrackerTests */,
				3FA67B751DBF876F00CB283E /* Products */,
			);
			sourceTree = "<group>";
		};
		3FA67B751DBF876F00CB283E /* Products */ = {
			isa = PBXGroup;
			children = (
				3FA67B741DBF876F00CB283E /* FoodTracker.app */,
				3FA67B881DBF877000CB283E /* FoodTrackerTests.xctest */,
			);
			name = Products;
			sourceTree = "<group>";
		};
		3FA67B761DBF876F00CB283E /* FoodTracker */ = {
			isa = PBXGroup;
			children = (
				3FA67B771DBF876F00CB283E /* AppDelegate.swift */,
				3FA67B791DBF876F00CB283E /* ViewController.swift */,
				3FA67B7B1DBF876F00CB283E /* Main.storyboard */,
				3FA67B7E1DBF876F00CB283E /* Assets.xcassets */,
				3FA67B801DBF876F00CB283E /* LaunchScreen.storyboard */,
				3FA67B831DBF876F00CB283E /* Info.plist */,
			);
			path = FoodTracker;
			sourceTree = "<group>";
		};
		3FA67B8B1DBF877000CB283E /* FoodTrackerTests */ = {
			isa = PBXGroup;
			children = (
				3FA67B8C1DBF877000CB283E /* FoodTrackerTests.swift */,
				3FA67B8E1DBF877000CB283E /* Info.plist */,
			);
			path = FoodTrackerTests;
			sourceTree = "<group>";
		};
/* End PBXGroup section */

/* Begin PBXNativeTarget section */
		3FA67B731DBF876F00CB283E /* FoodTracker */ = {
			isa = PBXNativeTarget;
			buildConfigurationList = 3FA67B911DBF877000CB283E /* Build configuration list for PBXNativeTarget "FoodTracker" */;
			buildPhases = (
				3FA67B701DBF876F00CB283E /* Sources */,
				3FA67B711DBF876F00CB283E /* Frameworks */,
				3FA67B721DBF876F00CB283E /* Resources */,
			);
			buildRules = (
			);
			dependencies = (
			);
			name = FoodTracker;
			productName = FoodTracker;
			productReference = 3FA67B741DBF876F00CB283E /* FoodTracker.app */;
			productType = "com.apple.product-type.application";
		};
		3FA67B871DBF877000CB283E /* FoodTrackerTests */ = {
			isa = PBXNativeTarget;
			buildConfigurationList = 3FA67B941DBF877000CB283E /* Build configuration list for PBXNativeTarget "FoodTrackerTests" */;
			buildPhases = (
				3FA67B841DBF877000CB283E /* Sources */,
				3FA67B851DBF877000CB283E /* Frameworks */,
				3FA67B861DBF877000CB283E /* Resources */,
			);
			buildRules = (
			);
			dependencies = (
				3FA67B8A1DBF877000CB283E /* PBXTargetDependency */,
			);
			name = FoodTrackerTests;
			productName = FoodTrackerTests;
			productReference = 3FA67B881DBF877000CB283E /* FoodTrackerTests.xctest */;
			productType = "com.apple.product-type.bundle.unit-test";
		};
/* End PBXNativeTarget section */

/* Begin PBXProject section */
		3FA67B6C1DBF876F00CB283E /* Project object */ = {
			isa = PBXProject;
			attributes = {
				LastSwiftUpdateCheck = 0800;
				LastUpgradeCheck = 0800;
				ORGANIZATIONNAME = "Carlos Noble Curveira";
				TargetAttributes = {
					3FA67B731DBF876F00CB283E = {
						CreatedOnToolsVersion = 8.0;
						ProvisioningStyle = Automatic;
					};
					3FA67B871DBF877000CB283E = {
						CreatedOnToolsVersion = 8.0;
						ProvisioningStyle = Automatic;
						TestTargetID = 3FA67B731DBF876F00CB283E;
					};
				};
			};
			buildConfigurationList = 3FA67B6F1DBF876F00CB283E /* Build configuration list for PBXProject "FoodTracker" */;
			compatibilityVersion = "Xcode 3.2";
			developmentRegion = English;
			hasScannedForEncodings = 0;
			knownRegions = (
				en,
				Base,
			);
			mainGroup = 3FA67B6B1DBF876F00CB283E;
			productRefGroup = 3FA67B751DBF876F00CB283E /* Products */;
			projectDirPath = "";
			projectRoot = "";
			targets = (
				3FA67B731DBF876F00CB283E /* FoodTracker */,
				3FA67B871DBF877000CB283E /* FoodTrackerTests */,
			);
		};
/* End PBXProject section */

/* Begin PBXResourcesBuildPhase section */
		3FA67B721DBF876F00CB283E /* Resources */ = {
			isa = PBXResourcesBuildPhase;
			buildActionMask = 2147483647;
			files = (
				3FA67B821DBF876F00CB283E /* LaunchScreen.storyboard in Resources */,
				3FA67B7F1DBF876F00CB283E /* Assets.xcassets in Resources */,
				3FA67B7D1DBF876F00CB283E /* Main.storyboard in Resources */,
			);
			runOnlyForDeploymentPostprocessing = 0;
		};
		3FA67B861DBF877000CB283E /* Resources */ = {
			isa = PBXResourcesBuildPhase;
			buildActionMask = 2147483647;
			files = (
			);
			runOnlyForDeploymentPostprocessing = 0;
		};
/* End PBXResourcesBuildPhase section */

/* Begin PBXSourcesBuildPhase section */
		3FA67B701DBF876F00CB283E /* Sources */ = {
			isa = PBXSourcesBuildPhase;
			buildActionMask = 2147483647;
			files = (
				3FA67B7A1DBF876F00CB283E /* ViewController.swift in Sources */,
				3FA67B781DBF876F00CB283E /* AppDelegate.swift in Sources */,
			);
			runOnlyForDeploymentPostprocessing = 0;
		};
		3FA67B841DBF877000CB283E /* Sources */ = {
			isa = PBXSourcesBuildPhase;
			buildActionMask = 2147483647;
			files = (
				3FA67B8D1DBF877000CB283E /* FoodTrackerTests.swift in Sources */,
			);
			runOnlyForDeploymentPostprocessing = 0;
		};
/* End PBXSourcesBuildPhase section */

/* Begin PBXTargetDependency section */
		3FA67B8A1DBF877000CB283E /* PBXTargetDependency */ = {
			isa = PBXTargetDependency;
			target = 3FA67B731DBF876F00CB283E /* FoodTracker */;
			targetProxy = 3FA67B891DBF877000CB283E /* PBXContainerItemProxy */;
		};
/* End PBXTargetDependency section */

/* Begin PBXVariantGroup section */
		3FA67B7B1DBF876F00CB283E /* Main.storyboard */ = {
			isa = PBXVariantGroup;
			children = (
				3FA67B7C1DBF876F00CB283E /* Base */,
			);
			name = Main.storyboard;
			sourceTree = "<group>";
		};
		3FA67B801DBF876F00CB283E /* LaunchScreen.storyboard */ = {
			isa = PBXVariantGroup;
			children = (
				3FA67B811DBF876F00CB283E /* Base */,
			);
			name = LaunchScreen.storyboard;
			sourceTree = "<group>";
		};
/* End PBXVariantGroup section */

/* Begin XCBuildConfiguration section */
		3FA67B8F1DBF877000CB283E /* Debug */ = {
			isa = XCBuildConfiguration;
			buildSettings = {
				ALWAYS_SEARCH_USER_PATHS = NO;
				CLANG_ANALYZER_NONNULL = YES;
				CLANG_CXX_LANGUAGE_STANDARD = "gnu++0x";
				CLANG_CXX_LIBRARY = "libc++";
				CLANG_ENABLE_MODULES = YES;
				CLANG_ENABLE_OBJC_ARC = YES;
				CLANG_WARN_BOOL_CONVERSION = YES;
				CLANG_WARN_CONSTANT_CONVERSION = YES;
				CLANG_WARN_DIRECT_OBJC_ISA_USAGE = YES_ERROR;
				CLANG_WARN_DOCUMENTATION_COMMENTS = YES;
				CLANG_WARN_EMPTY_BODY = YES;
				CLANG_WARN_ENUM_CONVERSION = YES;
				CLANG_WARN_INFINITE_RECURSION = YES;
				CLANG_WARN_INT_CONVERSION = YES;
				CLANG_WARN_OBJC_ROOT_CLASS = YES_ERROR;
				CLANG_WARN_SUSPICIOUS_MOVES = YES;
				CLANG_WARN_UNREACHABLE_CODE = YES;
				CLANG_WARN__DUPLICATE_METHOD_MATCH = YES;
				"CODE_SIGN_IDENTITY[sdk=iphoneos*]" = "iPhone Developer";
				COPY_PHASE_STRIP = NO;
				DEBUG_INFORMATION_FORMAT = dwarf;
				ENABLE_STRICT_OBJC_MSGSEND = YES;
				ENABLE_TESTABILITY = YES;
				GCC_C_LANGUAGE_STANDARD = gnu99;
				GCC_DYNAMIC_NO_PIC = NO;
				GCC_NO_COMMON_BLOCKS = YES;
				GCC_OPTIMIZATION_LEVEL = 0;
				GCC_PREPROCESSOR_DEFINITIONS = (
					"DEBUG=1",
					"$(inherited)",
				);
				GCC_WARN_64_TO_32_BIT_CONVERSION = YES;
				GCC_WARN_ABOUT_RETURN_TYPE = YES_ERROR;
				GCC_WARN_UNDECLARED_SELECTOR = YES;
				GCC_WARN_UNINITIALIZED_AUTOS = YES_AGGRESSIVE;
				GCC_WARN_UNUSED_FUNCTION = YES;
				GCC_WARN_UNUSED_VARIABLE = YES;
				IPHONEOS_DEPLOYMENT_TARGET = 10.0;
				MTL_ENABLE_DEBUG_INFO = YES;
				ONLY_ACTIVE_ARCH = YES;
				SDKROOT = iphoneos;
				SWIFT_ACTIVE_COMPILATION_CONDITIONS = DEBUG;
				SWIFT_OPTIMIZATION_LEVEL = "-Onone";
				TARGETED_DEVICE_FAMILY = "1,2";
			};
			name = Debug;
		};
		3FA67B901DBF877000CB283E /* Release */ = {
			isa = XCBuildConfiguration;
			buildSettings = {
				ALWAYS_SEARCH_USER_PATHS = NO;
				CLANG_ANALYZER_NONNULL = YES;
				CLANG_CXX_LANGUAGE_STANDARD = "gnu++0x";
				CLANG_CXX_LIBRARY = "libc++";
				CLANG_ENABLE_MODULES = YES;
				CLANG_ENABLE_OBJC_ARC = YES;
				CLANG_WARN_BOOL_CONVERSION = YES;
				CLANG_WARN_CONSTANT_CONVERSION = YES;
				CLANG_WARN_DIRECT_OBJC_ISA_USAGE = YES_ERROR;
				CLANG_WARN_DOCUMENTATION_COMMENTS = YES;
				CLANG_WARN_EMPTY_BODY = YES;
				CLANG_WARN_ENUM_CONVERSION = YES;
				CLANG_WARN_INFINITE_RECURSION = YES;
				CLANG_WARN_INT_CONVERSION = YES;
				CLANG_WARN_OBJC_ROOT_CLASS = YES_ERROR;
				CLANG_WARN_SUSPICIOUS_MOVES = YES;
				CLANG_WARN_UNREACHABLE_CODE = YES;
				CLANG_WARN__DUPLICATE_METHOD_MATCH = YES;
				"CODE_SIGN_IDENTITY[sdk=iphoneos*]" = "iPhone Developer";
				COPY_PHASE_STRIP = NO;
				DEBUG_INFORMATION_FORMAT = "dwarf-with-dsym";
				ENABLE_NS_ASSERTIONS = NO;
				ENABLE_STRICT_OBJC_MSGSEND = YES;
				GCC_C_LANGUAGE_STANDARD = gnu99;
				GCC_NO_COMMON_BLOCKS = YES;
				GCC_WARN_64_TO_32_BIT_CONVERSION = YES;
				GCC_WARN_ABOUT_RETURN_TYPE = YES_ERROR;
				GCC_WARN_UNDECLARED_SELECTOR = YES;
				GCC_WARN_UNINITIALIZED_AUTOS = YES_AGGRESSIVE;
				GCC_WARN_UNUSED_FUNCTION = YES;
				GCC_WARN_UNUSED_VARIABLE = YES;
				IPHONEOS_DEPLOYMENT_TARGET = 10.0;
				MTL_ENABLE_DEBUG_INFO = NO;
				SDKROOT = iphoneos;
				SWIFT_OPTIMIZATION_LEVEL = "-Owholemodule";
				TARGETED_DEVICE_FAMILY = "1,2";
				VALIDATE_PRODUCT = YES;
			};
			name = Release;
		};
		3FA67B921DBF877000CB283E /* Debug */ = {
			isa = XCBuildConfiguration;
			buildSettings = {
				ASSETCATALOG_COMPILER_APPICON_NAME = AppIcon;
				INFOPLIST_FILE = FoodTracker/Info.plist;
				LD_RUNPATH_SEARCH_PATHS = "$(inherited) @executable_path/Frameworks";
				PRODUCT_BUNDLE_IDENTIFIER = ca.on.rsgc.FoodTracker;
				PRODUCT_NAME = "$(TARGET_NAME)";
				SWIFT_VERSION = 3.0;
			};
			name = Debug;
		};
		3FA67B931DBF877000CB283E /* Release */ = {
			isa = XCBuildConfiguration;
			buildSettings = {
				ASSETCATALOG_COMPILER_APPICON_NAME = AppIcon;
				INFOPLIST_FILE = FoodTracker/Info.plist;
				LD_RUNPATH_SEARCH_PATHS = "$(inherited) @executable_path/Frameworks";
				PRODUCT_BUNDLE_IDENTIFIER = ca.on.rsgc.FoodTracker;
				PRODUCT_NAME = "$(TARGET_NAME)";
				SWIFT_VERSION = 3.0;
			};
			name = Release;
		};
		3FA67B951DBF877000CB283E /* Debug */ = {
			isa = XCBuildConfiguration;
			buildSettings = {
				ALWAYS_EMBED_SWIFT_STANDARD_LIBRARIES = YES;
				BUNDLE_LOADER = "$(TEST_HOST)";
				INFOPLIST_FILE = FoodTrackerTests/Info.plist;
				LD_RUNPATH_SEARCH_PATHS = "$(inherited) @executable_path/Frameworks @loader_path/Frameworks";
				PRODUCT_BUNDLE_IDENTIFIER = ca.on.rsgc.FoodTrackerTests;
				PRODUCT_NAME = "$(TARGET_NAME)";
				SWIFT_VERSION = 3.0;
				TEST_HOST = "$(BUILT_PRODUCTS_DIR)/FoodTracker.app/FoodTracker";
			};
			name = Debug;
		};
		3FA67B961DBF877000CB283E /* Release */ = {
			isa = XCBuildConfiguration;
			buildSettings = {
				ALWAYS_EMBED_SWIFT_STANDARD_LIBRARIES = YES;
				BUNDLE_LOADER = "$(TEST_HOST)";
				INFOPLIST_FILE = FoodTrackerTests/Info.plist;
				LD_RUNPATH_SEARCH_PATHS = "$(inherited) @executable_path/Frameworks @loader_path/Frameworks";
				PRODUCT_BUNDLE_IDENTIFIER = ca.on.rsgc.FoodTrackerTests;
				PRODUCT_NAME = "$(TARGET_NAME)";
				SWIFT_VERSION = 3.0;
				TEST_HOST = "$(BUILT_PRODUCTS_DIR)/FoodTracker.app/FoodTracker";
			};
			name = Release;
		};
/* End XCBuildConfiguration section */

/* Begin XCConfigurationList section */
		3FA67B6F1DBF876F00CB283E /* Build configuration list for PBXProject "FoodTracker" */ = {
			isa = XCConfigurationList;
			buildConfigurations = (
				3FA67B8F1DBF877000CB283E /* Debug */,
				3FA67B901DBF877000CB283E /* Release */,
			);
			defaultConfigurationIsVisible = 0;
			defaultConfigurationName = Release;
		};
		3FA67B911DBF877000CB283E /* Build configuration list for PBXNativeTarget "FoodTracker" */ = {
			isa = XCConfigurationList;
			buildConfigurations = (
				3FA67B921DBF877000CB283E /* Debug */,
				3FA67B931DBF877000CB283E /* Release */,
			);
			defaultConfigurationIsVisible = 0;
		};
		3FA67B941DBF877000CB283E /* Build configuration list for PBXNativeTarget "FoodTrackerTests" */ = {
			isa = XCConfigurationList;
			buildConfigurations = (
				3FA67B951DBF877000CB283E /* Debug */,
				3FA67B961DBF877000CB283E /* Release */,
			);
			defaultConfigurationIsVisible = 0;
		};
/* End XCConfigurationList section */
	};
	rootObject = 3FA67B6C1DBF876F00CB283E /* Project object */;
}
